// !$*UTF8*$!
{
	archiveVersion = 1;
	classes = {
	};
	objectVersion = 55;
	objects = {

/* Begin PBXBuildFile section */
		7C1018CE2866018400FFB750 /* DetailAlbumViewController.swift in Sources */ = {isa = PBXBuildFile; fileRef = 7C1018CD2866018400FFB750 /* DetailAlbumViewController.swift */; };
		7C833AED2865F24800DC4874 /* AlbumsTableViewCell.swift in Sources */ = {isa = PBXBuildFile; fileRef = 7C833AEC2865F24800DC4874 /* AlbumsTableViewCell.swift */; };
		7C833AEF2865F4FA00DC4874 /* UIViewController.swift in Sources */ = {isa = PBXBuildFile; fileRef = 7C833AEE2865F4FA00DC4874 /* UIViewController.swift */; };
		7C980AF92862159B00F89236 /* AppDelegate.swift in Sources */ = {isa = PBXBuildFile; fileRef = 7C980AF82862159B00F89236 /* AppDelegate.swift */; };
		7C980AFB2862159B00F89236 /* SceneDelegate.swift in Sources */ = {isa = PBXBuildFile; fileRef = 7C980AFA2862159B00F89236 /* SceneDelegate.swift */; };
		7C980AFD2862159B00F89236 /* ViewController.swift in Sources */ = {isa = PBXBuildFile; fileRef = 7C980AFC2862159B00F89236 /* ViewController.swift */; };
		7C980B032862159B00F89236 /* MusicPet.xcdatamodeld in Sources */ = {isa = PBXBuildFile; fileRef = 7C980B012862159B00F89236 /* MusicPet.xcdatamodeld */; };
		7C980B052862159C00F89236 /* Assets.xcassets in Resources */ = {isa = PBXBuildFile; fileRef = 7C980B042862159C00F89236 /* Assets.xcassets */; };
		7C980B082862159C00F89236 /* LaunchScreen.storyboard in Resources */ = {isa = PBXBuildFile; fileRef = 7C980B062862159C00F89236 /* LaunchScreen.storyboard */; };
		7C980B132862159C00F89236 /* MusicPetTests.swift in Sources */ = {isa = PBXBuildFile; fileRef = 7C980B122862159C00F89236 /* MusicPetTests.swift */; };
		7C980B1D2862159C00F89236 /* MusicPetUITests.swift in Sources */ = {isa = PBXBuildFile; fileRef = 7C980B1C2862159C00F89236 /* MusicPetUITests.swift */; };
		7C980B1F2862159C00F89236 /* MusicPetUITestsLaunchTests.swift in Sources */ = {isa = PBXBuildFile; fileRef = 7C980B1E2862159C00F89236 /* MusicPetUITestsLaunchTests.swift */; };
		7C980B2C286351A200F89236 /* UIStackView.swift in Sources */ = {isa = PBXBuildFile; fileRef = 7C980B2B286351A200F89236 /* UIStackView.swift */; };
		7C980B2F28635C8B00F89236 /* SignUpViewController.swift in Sources */ = {isa = PBXBuildFile; fileRef = 7C980B2E28635C8B00F89236 /* SignUpViewController.swift */; };
		7C980B3128635CFE00F89236 /* AlbumsViewController.swift in Sources */ = {isa = PBXBuildFile; fileRef = 7C980B3028635CFE00F89236 /* AlbumsViewController.swift */; };
		7CB543272866029100EA7C37 /* UserInfoViewController.swift in Sources */ = {isa = PBXBuildFile; fileRef = 7CB543262866029100EA7C37 /* UserInfoViewController.swift */; };
		7CB54329286B1F2D00EA7C37 /* SongsCollectionViewCell.swift in Sources */ = {isa = PBXBuildFile; fileRef = 7CB54328286B1F2C00EA7C37 /* SongsCollectionViewCell.swift */; };
/* End PBXBuildFile section */

/* Begin PBXContainerItemProxy section */
		7C980B0F2862159C00F89236 /* PBXContainerItemProxy */ = {
			isa = PBXContainerItemProxy;
			containerPortal = 7C980AED2862159B00F89236 /* Project object */;
			proxyType = 1;
			remoteGlobalIDString = 7C980AF42862159B00F89236;
			remoteInfo = MusicPet;
		};
		7C980B192862159C00F89236 /* PBXContainerItemProxy */ = {
			isa = PBXContainerItemProxy;
			containerPortal = 7C980AED2862159B00F89236 /* Project object */;
			proxyType = 1;
			remoteGlobalIDString = 7C980AF42862159B00F89236;
			remoteInfo = MusicPet;
		};
/* End PBXContainerItemProxy section */

/* Begin PBXFileReference section */
		7C1018CD2866018400FFB750 /* DetailAlbumViewController.swift */ = {isa = PBXFileReference; lastKnownFileType = sourcecode.swift; path = DetailAlbumViewController.swift; sourceTree = "<group>"; };
		7C833AEC2865F24800DC4874 /* AlbumsTableViewCell.swift */ = {isa = PBXFileReference; lastKnownFileType = sourcecode.swift; path = AlbumsTableViewCell.swift; sourceTree = "<group>"; };
		7C833AEE2865F4FA00DC4874 /* UIViewController.swift */ = {isa = PBXFileReference; lastKnownFileType = sourcecode.swift; path = UIViewController.swift; sourceTree = "<group>"; };
		7C980AF52862159B00F89236 /* MusicPet.app */ = {isa = PBXFileReference; explicitFileType = wrapper.application; includeInIndex = 0; path = MusicPet.app; sourceTree = BUILT_PRODUCTS_DIR; };
		7C980AF82862159B00F89236 /* AppDelegate.swift */ = {isa = PBXFileReference; lastKnownFileType = sourcecode.swift; path = AppDelegate.swift; sourceTree = "<group>"; };
		7C980AFA2862159B00F89236 /* SceneDelegate.swift */ = {isa = PBXFileReference; lastKnownFileType = sourcecode.swift; path = SceneDelegate.swift; sourceTree = "<group>"; };
		7C980AFC2862159B00F89236 /* ViewController.swift */ = {isa = PBXFileReference; lastKnownFileType = sourcecode.swift; path = ViewController.swift; sourceTree = "<group>"; };
		7C980B022862159B00F89236 /* MusicPet.xcdatamodel */ = {isa = PBXFileReference; lastKnownFileType = wrapper.xcdatamodel; path = MusicPet.xcdatamodel; sourceTree = "<group>"; };
		7C980B042862159C00F89236 /* Assets.xcassets */ = {isa = PBXFileReference; lastKnownFileType = folder.assetcatalog; path = Assets.xcassets; sourceTree = "<group>"; };
		7C980B072862159C00F89236 /* Base */ = {isa = PBXFileReference; lastKnownFileType = file.storyboard; name = Base; path = Base.lproj/LaunchScreen.storyboard; sourceTree = "<group>"; };
		7C980B092862159C00F89236 /* Info.plist */ = {isa = PBXFileReference; lastKnownFileType = text.plist.xml; path = Info.plist; sourceTree = "<group>"; };
		7C980B0E2862159C00F89236 /* MusicPetTests.xctest */ = {isa = PBXFileReference; explicitFileType = wrapper.cfbundle; includeInIndex = 0; path = MusicPetTests.xctest; sourceTree = BUILT_PRODUCTS_DIR; };
		7C980B122862159C00F89236 /* MusicPetTests.swift */ = {isa = PBXFileReference; lastKnownFileType = sourcecode.swift; path = MusicPetTests.swift; sourceTree = "<group>"; };
		7C980B182862159C00F89236 /* MusicPetUITests.xctest */ = {isa = PBXFileReference; explicitFileType = wrapper.cfbundle; includeInIndex = 0; path = MusicPetUITests.xctest; sourceTree = BUILT_PRODUCTS_DIR; };
		7C980B1C2862159C00F89236 /* MusicPetUITests.swift */ = {isa = PBXFileReference; lastKnownFileType = sourcecode.swift; path = MusicPetUITests.swift; sourceTree = "<group>"; };
		7C980B1E2862159C00F89236 /* MusicPetUITestsLaunchTests.swift */ = {isa = PBXFileReference; lastKnownFileType = sourcecode.swift; path = MusicPetUITestsLaunchTests.swift; sourceTree = "<group>"; };
		7C980B2B286351A200F89236 /* UIStackView.swift */ = {isa = PBXFileReference; lastKnownFileType = sourcecode.swift; path = UIStackView.swift; sourceTree = "<group>"; };
		7C980B2E28635C8B00F89236 /* SignUpViewController.swift */ = {isa = PBXFileReference; lastKnownFileType = sourcecode.swift; path = SignUpViewController.swift; sourceTree = "<group>"; };
		7C980B3028635CFE00F89236 /* AlbumsViewController.swift */ = {isa = PBXFileReference; lastKnownFileType = sourcecode.swift; path = AlbumsViewController.swift; sourceTree = "<group>"; };
		7CB543262866029100EA7C37 /* UserInfoViewController.swift */ = {isa = PBXFileReference; lastKnownFileType = sourcecode.swift; path = UserInfoViewController.swift; sourceTree = "<group>"; };
		7CB54328286B1F2C00EA7C37 /* SongsCollectionViewCell.swift */ = {isa = PBXFileReference; lastKnownFileType = sourcecode.swift; path = SongsCollectionViewCell.swift; sourceTree = "<group>"; };
/* End PBXFileReference section */

/* Begin PBXFrameworksBuildPhase section */
		7C980AF22862159B00F89236 /* Frameworks */ = {
			isa = PBXFrameworksBuildPhase;
			buildActionMask = 2147483647;
			files = (
			);
			runOnlyForDeploymentPostprocessing = 0;
		};
		7C980B0B2862159C00F89236 /* Frameworks */ = {
			isa = PBXFrameworksBuildPhase;
			buildActionMask = 2147483647;
			files = (
			);
			runOnlyForDeploymentPostprocessing = 0;
		};
		7C980B152862159C00F89236 /* Frameworks */ = {
			isa = PBXFrameworksBuildPhase;
			buildActionMask = 2147483647;
			files = (
			);
			runOnlyForDeploymentPostprocessing = 0;
		};
/* End PBXFrameworksBuildPhase section */

/* Begin PBXGroup section */
		7C980AEC2862159B00F89236 = {
			isa = PBXGroup;
			children = (
				7C980AF72862159B00F89236 /* MusicPet */,
				7C980B112862159C00F89236 /* MusicPetTests */,
				7C980B1B2862159C00F89236 /* MusicPetUITests */,
				7C980AF62862159B00F89236 /* Products */,
			);
			sourceTree = "<group>";
		};
		7C980AF62862159B00F89236 /* Products */ = {
			isa = PBXGroup;
			children = (
				7C980AF52862159B00F89236 /* MusicPet.app */,
				7C980B0E2862159C00F89236 /* MusicPetTests.xctest */,
				7C980B182862159C00F89236 /* MusicPetUITests.xctest */,
			);
			name = Products;
			sourceTree = "<group>";
		};
		7C980AF72862159B00F89236 /* MusicPet */ = {
			isa = PBXGroup;
			children = (
				7C980AF82862159B00F89236 /* AppDelegate.swift */,
				7C980AFA2862159B00F89236 /* SceneDelegate.swift */,
				7C980AFC2862159B00F89236 /* ViewController.swift */,
				7C980B3028635CFE00F89236 /* AlbumsViewController.swift */,
				7CB543262866029100EA7C37 /* UserInfoViewController.swift */,
				7C1018CD2866018400FFB750 /* DetailAlbumViewController.swift */,
				7CB54328286B1F2C00EA7C37 /* SongsCollectionViewCell.swift */,
				7C833AEC2865F24800DC4874 /* AlbumsTableViewCell.swift */,
				7C980B2E28635C8B00F89236 /* SignUpViewController.swift */,
				7C980B2D286351C700F89236 /* Extensions */,
				7C980B042862159C00F89236 /* Assets.xcassets */,
				7C980B062862159C00F89236 /* LaunchScreen.storyboard */,
				7C980B092862159C00F89236 /* Info.plist */,
				7C980B012862159B00F89236 /* MusicPet.xcdatamodeld */,
			);
			path = MusicPet;
			sourceTree = "<group>";
		};
		7C980B112862159C00F89236 /* MusicPetTests */ = {
			isa = PBXGroup;
			children = (
				7C980B122862159C00F89236 /* MusicPetTests.swift */,
			);
			path = MusicPetTests;
			sourceTree = "<group>";
		};
		7C980B1B2862159C00F89236 /* MusicPetUITests */ = {
			isa = PBXGroup;
			children = (
				7C980B1C2862159C00F89236 /* MusicPetUITests.swift */,
				7C980B1E2862159C00F89236 /* MusicPetUITestsLaunchTests.swift */,
			);
			path = MusicPetUITests;
			sourceTree = "<group>";
		};
		7C980B2D286351C700F89236 /* Extensions */ = {
			isa = PBXGroup;
			children = (
				7C833AEE2865F4FA00DC4874 /* UIViewController.swift */,
				7C980B2B286351A200F89236 /* UIStackView.swift */,
			);
			path = Extensions;
			sourceTree = "<group>";
		};
/* End PBXGroup section */

/* Begin PBXNativeTarget section */
		7C980AF42862159B00F89236 /* MusicPet */ = {
			isa = PBXNativeTarget;
			buildConfigurationList = 7C980B222862159C00F89236 /* Build configuration list for PBXNativeTarget "MusicPet" */;
			buildPhases = (
				7C980AF12862159B00F89236 /* Sources */,
				7C980AF22862159B00F89236 /* Frameworks */,
				7C980AF32862159B00F89236 /* Resources */,
			);
			buildRules = (
			);
			dependencies = (
			);
			name = MusicPet;
			productName = MusicPet;
			productReference = 7C980AF52862159B00F89236 /* MusicPet.app */;
			productType = "com.apple.product-type.application";
		};
		7C980B0D2862159C00F89236 /* MusicPetTests */ = {
			isa = PBXNativeTarget;
			buildConfigurationList = 7C980B252862159C00F89236 /* Build configuration list for PBXNativeTarget "MusicPetTests" */;
			buildPhases = (
				7C980B0A2862159C00F89236 /* Sources */,
				7C980B0B2862159C00F89236 /* Frameworks */,
				7C980B0C2862159C00F89236 /* Resources */,
			);
			buildRules = (
			);
			dependencies = (
				7C980B102862159C00F89236 /* PBXTargetDependency */,
			);
			name = MusicPetTests;
			productName = MusicPetTests;
			productReference = 7C980B0E2862159C00F89236 /* MusicPetTests.xctest */;
			productType = "com.apple.product-type.bundle.unit-test";
		};
		7C980B172862159C00F89236 /* MusicPetUITests */ = {
			isa = PBXNativeTarget;
			buildConfigurationList = 7C980B282862159C00F89236 /* Build configuration list for PBXNativeTarget "MusicPetUITests" */;
			buildPhases = (
				7C980B142862159C00F89236 /* Sources */,
				7C980B152862159C00F89236 /* Frameworks */,
				7C980B162862159C00F89236 /* Resources */,
			);
			buildRules = (
			);
			dependencies = (
				7C980B1A2862159C00F89236 /* PBXTargetDependency */,
			);
			name = MusicPetUITests;
			productName = MusicPetUITests;
			productReference = 7C980B182862159C00F89236 /* MusicPetUITests.xctest */;
			productType = "com.apple.product-type.bundle.ui-testing";
		};
/* End PBXNativeTarget section */

/* Begin PBXProject section */
		7C980AED2862159B00F89236 /* Project object */ = {
			isa = PBXProject;
			attributes = {
				BuildIndependentTargetsInParallel = 1;
				LastSwiftUpdateCheck = 1340;
				LastUpgradeCheck = 1340;
				TargetAttributes = {
					7C980AF42862159B00F89236 = {
						CreatedOnToolsVersion = 13.4.1;
					};
					7C980B0D2862159C00F89236 = {
						CreatedOnToolsVersion = 13.4.1;
						TestTargetID = 7C980AF42862159B00F89236;
					};
					7C980B172862159C00F89236 = {
						CreatedOnToolsVersion = 13.4.1;
						TestTargetID = 7C980AF42862159B00F89236;
					};
				};
			};
			buildConfigurationList = 7C980AF02862159B00F89236 /* Build configuration list for PBXProject "MusicPet" */;
			compatibilityVersion = "Xcode 13.0";
			developmentRegion = en;
			hasScannedForEncodings = 0;
			knownRegions = (
				en,
				Base,
			);
			mainGroup = 7C980AEC2862159B00F89236;
			productRefGroup = 7C980AF62862159B00F89236 /* Products */;
			projectDirPath = "";
			projectRoot = "";
			targets = (
				7C980AF42862159B00F89236 /* MusicPet */,
				7C980B0D2862159C00F89236 /* MusicPetTests */,
				7C980B172862159C00F89236 /* MusicPetUITests */,
			);
		};
/* End PBXProject section */

/* Begin PBXResourcesBuildPhase section */
		7C980AF32862159B00F89236 /* Resources */ = {
			isa = PBXResourcesBuildPhase;
			buildActionMask = 2147483647;
			files = (
				7C980B082862159C00F89236 /* LaunchScreen.storyboard in Resources */,
				7C980B052862159C00F89236 /* Assets.xcassets in Resources */,
			);
			runOnlyForDeploymentPostprocessing = 0;
		};
		7C980B0C2862159C00F89236 /* Resources */ = {
			isa = PBXResourcesBuildPhase;
			buildActionMask = 2147483647;
			files = (
			);
			runOnlyForDeploymentPostprocessing = 0;
		};
		7C980B162862159C00F89236 /* Resources */ = {
			isa = PBXResourcesBuildPhase;
			buildActionMask = 2147483647;
			files = (
			);
			runOnlyForDeploymentPostprocessing = 0;
		};
/* End PBXResourcesBuildPhase section */

/* Begin PBXSourcesBuildPhase section */
		7C980AF12862159B00F89236 /* Sources */ = {
			isa = PBXSourcesBuildPhase;
			buildActionMask = 2147483647;
			files = (
				7C980B3128635CFE00F89236 /* AlbumsViewController.swift in Sources */,
				7C980B2F28635C8B00F89236 /* SignUpViewController.swift in Sources */,
				7C833AEF2865F4FA00DC4874 /* UIViewController.swift in Sources */,
				7C980B2C286351A200F89236 /* UIStackView.swift in Sources */,
				7C833AED2865F24800DC4874 /* AlbumsTableViewCell.swift in Sources */,
				7CB54329286B1F2D00EA7C37 /* SongsCollectionViewCell.swift in Sources */,
				7CB543272866029100EA7C37 /* UserInfoViewController.swift in Sources */,
				7C1018CE2866018400FFB750 /* DetailAlbumViewController.swift in Sources */,
				7C980AFD2862159B00F89236 /* ViewController.swift in Sources */,
				7C980AF92862159B00F89236 /* AppDelegate.swift in Sources */,
				7C980AFB2862159B00F89236 /* SceneDelegate.swift in Sources */,
				7C980B032862159B00F89236 /* MusicPet.xcdatamodeld in Sources */,
			);
			runOnlyForDeploymentPostprocessing = 0;
		};
		7C980B0A2862159C00F89236 /* Sources */ = {
			isa = PBXSourcesBuildPhase;
			buildActionMask = 2147483647;
			files = (
				7C980B132862159C00F89236 /* MusicPetTests.swift in Sources */,
			);
			runOnlyForDeploymentPostprocessing = 0;
		};
		7C980B142862159C00F89236 /* Sources */ = {
			isa = PBXSourcesBuildPhase;
			buildActionMask = 2147483647;
			files = (
				7C980B1F2862159C00F89236 /* MusicPetUITestsLaunchTests.swift in Sources */,
				7C980B1D2862159C00F89236 /* MusicPetUITests.swift in Sources */,
			);
			runOnlyForDeploymentPostprocessing = 0;
		};
/* End PBXSourcesBuildPhase section */

/* Begin PBXTargetDependency section */
		7C980B102862159C00F89236 /* PBXTargetDependency */ = {
			isa = PBXTargetDependency;
			target = 7C980AF42862159B00F89236 /* MusicPet */;
			targetProxy = 7C980B0F2862159C00F89236 /* PBXContainerItemProxy */;
		};
		7C980B1A2862159C00F89236 /* PBXTargetDependency */ = {
			isa = PBXTargetDependency;
			target = 7C980AF42862159B00F89236 /* MusicPet */;
			targetProxy = 7C980B192862159C00F89236 /* PBXContainerItemProxy */;
		};
/* End PBXTargetDependency section */

/* Begin PBXVariantGroup section */
		7C980B062862159C00F89236 /* LaunchScreen.storyboard */ = {
			isa = PBXVariantGroup;
			children = (
				7C980B072862159C00F89236 /* Base */,
			);
			name = LaunchScreen.storyboard;
			sourceTree = "<group>";
		};
/* End PBXVariantGroup section */

/* Begin XCBuildConfiguration section */
		7C980B202862159C00F89236 /* Debug */ = {
			isa = XCBuildConfiguration;
			buildSettings = {
				ALWAYS_SEARCH_USER_PATHS = NO;
				CLANG_ANALYZER_NONNULL = YES;
				CLANG_ANALYZER_NUMBER_OBJECT_CONVERSION = YES_AGGRESSIVE;
				CLANG_CXX_LANGUAGE_STANDARD = "gnu++17";
				CLANG_ENABLE_MODULES = YES;
				CLANG_ENABLE_OBJC_ARC = YES;
				CLANG_ENABLE_OBJC_WEAK = YES;
				CLANG_WARN_BLOCK_CAPTURE_AUTORELEASING = YES;
				CLANG_WARN_BOOL_CONVERSION = YES;
				CLANG_WARN_COMMA = YES;
				CLANG_WARN_CONSTANT_CONVERSION = YES;
				CLANG_WARN_DEPRECATED_OBJC_IMPLEMENTATIONS = YES;
				CLANG_WARN_DIRECT_OBJC_ISA_USAGE = YES_ERROR;
				CLANG_WARN_DOCUMENTATION_COMMENTS = YES;
				CLANG_WARN_EMPTY_BODY = YES;
				CLANG_WARN_ENUM_CONVERSION = YES;
				CLANG_WARN_INFINITE_RECURSION = YES;
				CLANG_WARN_INT_CONVERSION = YES;
				CLANG_WARN_NON_LITERAL_NULL_CONVERSION = YES;
				CLANG_WARN_OBJC_IMPLICIT_RETAIN_SELF = YES;
				CLANG_WARN_OBJC_LITERAL_CONVERSION = YES;
				CLANG_WARN_OBJC_ROOT_CLASS = YES_ERROR;
				CLANG_WARN_QUOTED_INCLUDE_IN_FRAMEWORK_HEADER = YES;
				CLANG_WARN_RANGE_LOOP_ANALYSIS = YES;
				CLANG_WARN_STRICT_PROTOTYPES = YES;
				CLANG_WARN_SUSPICIOUS_MOVE = YES;
				CLANG_WARN_UNGUARDED_AVAILABILITY = YES_AGGRESSIVE;
				CLANG_WARN_UNREACHABLE_CODE = YES;
				CLANG_WARN__DUPLICATE_METHOD_MATCH = YES;
				COPY_PHASE_STRIP = NO;
				DEBUG_INFORMATION_FORMAT = dwarf;
				ENABLE_STRICT_OBJC_MSGSEND = YES;
				ENABLE_TESTABILITY = YES;
				GCC_C_LANGUAGE_STANDARD = gnu11;
				GCC_DYNAMIC_NO_PIC = NO;
				GCC_NO_COMMON_BLOCKS = YES;
				GCC_OPTIMIZATION_LEVEL = 0;
				GCC_PREPROCESSOR_DEFINITIONS = (
					"DEBUG=1",
					"$(inherited)",
				);
				GCC_WARN_64_TO_32_BIT_CONVERSION = YES;
				GCC_WARN_ABOUT_RETURN_TYPE = YES_ERROR;
				GCC_WARN_UNDECLARED_SELECTOR = YES;
				GCC_WARN_UNINITIALIZED_AUTOS = YES_AGGRESSIVE;
				GCC_WARN_UNUSED_FUNCTION = YES;
				GCC_WARN_UNUSED_VARIABLE = YES;
				IPHONEOS_DEPLOYMENT_TARGET = 15.5;
				MTL_ENABLE_DEBUG_INFO = INCLUDE_SOURCE;
				MTL_FAST_MATH = YES;
				ONLY_ACTIVE_ARCH = YES;
				SDKROOT = iphoneos;
				SWIFT_ACTIVE_COMPILATION_CONDITIONS = DEBUG;
				SWIFT_OPTIMIZATION_LEVEL = "-Onone";
			};
			name = Debug;
		};
		7C980B212862159C00F89236 /* Release */ = {
			isa = XCBuildConfiguration;
			buildSettings = {
				ALWAYS_SEARCH_USER_PATHS = NO;
				CLANG_ANALYZER_NONNULL = YES;
				CLANG_ANALYZER_NUMBER_OBJECT_CONVERSION = YES_AGGRESSIVE;
				CLANG_CXX_LANGUAGE_STANDARD = "gnu++17";
				CLANG_ENABLE_MODULES = YES;
				CLANG_ENABLE_OBJC_ARC = YES;
				CLANG_ENABLE_OBJC_WEAK = YES;
				CLANG_WARN_BLOCK_CAPTURE_AUTORELEASING = YES;
				CLANG_WARN_BOOL_CONVERSION = YES;
				CLANG_WARN_COMMA = YES;
				CLANG_WARN_CONSTANT_CONVERSION = YES;
				CLANG_WARN_DEPRECATED_OBJC_IMPLEMENTATIONS = YES;
				CLANG_WARN_DIRECT_OBJC_ISA_USAGE = YES_ERROR;
				CLANG_WARN_DOCUMENTATION_COMMENTS = YES;
				CLANG_WARN_EMPTY_BODY = YES;
				CLANG_WARN_ENUM_CONVERSION = YES;
				CLANG_WARN_INFINITE_RECURSION = YES;
				CLANG_WARN_INT_CONVERSION = YES;
				CLANG_WARN_NON_LITERAL_NULL_CONVERSION = YES;
				CLANG_WARN_OBJC_IMPLICIT_RETAIN_SELF = YES;
				CLANG_WARN_OBJC_LITERAL_CONVERSION = YES;
				CLANG_WARN_OBJC_ROOT_CLASS = YES_ERROR;
				CLANG_WARN_QUOTED_INCLUDE_IN_FRAMEWORK_HEADER = YES;
				CLANG_WARN_RANGE_LOOP_ANALYSIS = YES;
				CLANG_WARN_STRICT_PROTOTYPES = YES;
				CLANG_WARN_SUSPICIOUS_MOVE = YES;
				CLANG_WARN_UNGUARDED_AVAILABILITY = YES_AGGRESSIVE;
				CLANG_WARN_UNREACHABLE_CODE = YES;
				CLANG_WARN__DUPLICATE_METHOD_MATCH = YES;
				COPY_PHASE_STRIP = NO;
				DEBUG_INFORMATION_FORMAT = "dwarf-with-dsym";
				ENABLE_NS_ASSERTIONS = NO;
				ENABLE_STRICT_OBJC_MSGSEND = YES;
				GCC_C_LANGUAGE_STANDARD = gnu11;
				GCC_NO_COMMON_BLOCKS = YES;
				GCC_WARN_64_TO_32_BIT_CONVERSION = YES;
				GCC_WARN_ABOUT_RETURN_TYPE = YES_ERROR;
				GCC_WARN_UNDECLARED_SELECTOR = YES;
				GCC_WARN_UNINITIALIZED_AUTOS = YES_AGGRESSIVE;
				GCC_WARN_UNUSED_FUNCTION = YES;
				GCC_WARN_UNUSED_VARIABLE = YES;
				IPHONEOS_DEPLOYMENT_TARGET = 15.5;
				MTL_ENABLE_DEBUG_INFO = NO;
				MTL_FAST_MATH = YES;
				SDKROOT = iphoneos;
				SWIFT_COMPILATION_MODE = wholemodule;
				SWIFT_OPTIMIZATION_LEVEL = "-O";
				VALIDATE_PRODUCT = YES;
			};
			name = Release;
		};
		7C980B232862159C00F89236 /* Debug */ = {
			isa = XCBuildConfiguration;
			buildSettings = {
				ASSETCATALOG_COMPILER_APPICON_NAME = AppIcon;
				ASSETCATALOG_COMPILER_GLOBAL_ACCENT_COLOR_NAME = AccentColor;
				CODE_SIGN_STYLE = Automatic;
				CURRENT_PROJECT_VERSION = 1;
				DEVELOPMENT_TEAM = HMMT7RLCT2;
				GENERATE_INFOPLIST_FILE = YES;
				INFOPLIST_FILE = MusicPet/Info.plist;
				INFOPLIST_KEY_UIApplicationSupportsIndirectInputEvents = YES;
				INFOPLIST_KEY_UILaunchStoryboardName = LaunchScreen;
				INFOPLIST_KEY_UISupportedInterfaceOrientations_iPad = "UIInterfaceOrientationPortrait UIInterfaceOrientationPortraitUpsideDown UIInterfaceOrientationLandscapeLeft UIInterfaceOrientationLandscapeRight";
				INFOPLIST_KEY_UISupportedInterfaceOrientations_iPhone = "UIInterfaceOrientationPortrait UIInterfaceOrientationLandscapeLeft UIInterfaceOrientationLandscapeRight";
				LD_RUNPATH_SEARCH_PATHS = (
					"$(inherited)",
					"@executable_path/Frameworks",
				);
				MARKETING_VERSION = 1.0;
				PRODUCT_BUNDLE_IDENTIFIER = OL.MusicPet;
				PRODUCT_NAME = "$(TARGET_NAME)";
				SWIFT_EMIT_LOC_STRINGS = YES;
				SWIFT_VERSION = 5.0;
				TARGETED_DEVICE_FAMILY = "1,2";
			};
			name = Debug;
		};
		7C980B242862159C00F89236 /* Release */ = {
			isa = XCBuildConfiguration;
			buildSettings = {
				ASSETCATALOG_COMPILER_APPICON_NAME = AppIcon;
				ASSETCATALOG_COMPILER_GLOBAL_ACCENT_COLOR_NAME = AccentColor;
				CODE_SIGN_STYLE = Automatic;
				CURRENT_PROJECT_VERSION = 1;
				DEVELOPMENT_TEAM = HMMT7RLCT2;
				GENERATE_INFOPLIST_FILE = YES;
				INFOPLIST_FILE = MusicPet/Info.plist;
				INFOPLIST_KEY_UIApplicationSupportsIndirectInputEvents = YES;
				INFOPLIST_KEY_UILaunchStoryboardName = LaunchScreen;
				INFOPLIST_KEY_UISupportedInterfaceOrientations_iPad = "UIInterfaceOrientationPortrait UIInterfaceOrientationPortraitUpsideDown UIInterfaceOrientationLandscapeLeft UIInterfaceOrientationLandscapeRight";
				INFOPLIST_KEY_UISupportedInterfaceOrientations_iPhone = "UIInterfaceOrientationPortrait UIInterfaceOrientationLandscapeLeft UIInterfaceOrientationLandscapeRight";
				LD_RUNPATH_SEARCH_PATHS = (
					"$(inherited)",
					"@executable_path/Frameworks",
				);
				MARKETING_VERSION = 1.0;
				PRODUCT_BUNDLE_IDENTIFIER = OL.MusicPet;
				PRODUCT_NAME = "$(TARGET_NAME)";
				SWIFT_EMIT_LOC_STRINGS = YES;
				SWIFT_VERSION = 5.0;
				TARGETED_DEVICE_FAMILY = "1,2";
			};
			name = Release;
		};
		7C980B262862159C00F89236 /* Debug */ = {
			isa = XCBuildConfiguration;
			buildSettings = {
				ALWAYS_EMBED_SWIFT_STANDARD_LIBRARIES = YES;
				BUNDLE_LOADER = "$(TEST_HOST)";
				CODE_SIGN_STYLE = Automatic;
				CURRENT_PROJECT_VERSION = 1;
				DEVELOPMENT_TEAM = HMMT7RLCT2;
				GENERATE_INFOPLIST_FILE = YES;
				IPHONEOS_DEPLOYMENT_TARGET = 15.5;
				MARKETING_VERSION = 1.0;
				PRODUCT_BUNDLE_IDENTIFIER = OL.MusicPetTests;
				PRODUCT_NAME = "$(TARGET_NAME)";
				SWIFT_EMIT_LOC_STRINGS = NO;
				SWIFT_VERSION = 5.0;
				TARGETED_DEVICE_FAMILY = "1,2";
				TEST_HOST = "$(BUILT_PRODUCTS_DIR)/MusicPet.app/MusicPet";
			};
			name = Debug;
		};
		7C980B272862159C00F89236 /* Release */ = {
			isa = XCBuildConfiguration;
			buildSettings = {
				ALWAYS_EMBED_SWIFT_STANDARD_LIBRARIES = YES;
				BUNDLE_LOADER = "$(TEST_HOST)";
				CODE_SIGN_STYLE = Automatic;
				CURRENT_PROJECT_VERSION = 1;
				DEVELOPMENT_TEAM = HMMT7RLCT2;
				GENERATE_INFOPLIST_FILE = YES;
				IPHONEOS_DEPLOYMENT_TARGET = 15.5;
				MARKETING_VERSION = 1.0;
				PRODUCT_BUNDLE_IDENTIFIER = OL.MusicPetTests;
				PRODUCT_NAME = "$(TARGET_NAME)";
				SWIFT_EMIT_LOC_STRINGS = NO;
				SWIFT_VERSION = 5.0;
				TARGETED_DEVICE_FAMILY = "1,2";
				TEST_HOST = "$(BUILT_PRODUCTS_DIR)/MusicPet.app/MusicPet";
			};
			name = Release;
		};
		7C980B292862159C00F89236 /* Debug */ = {
			isa = XCBuildConfiguration;
			buildSettings = {
				ALWAYS_EMBED_SWIFT_STANDARD_LIBRARIES = YES;
				CODE_SIGN_STYLE = Automatic;
				CURRENT_PROJECT_VERSION = 1;
				DEVELOPMENT_TEAM = HMMT7RLCT2;
				GENERATE_INFOPLIST_FILE = YES;
				MARKETING_VERSION = 1.0;
				PRODUCT_BUNDLE_IDENTIFIER = OL.MusicPetUITests;
				PRODUCT_NAME = "$(TARGET_NAME)";
				SWIFT_EMIT_LOC_STRINGS = NO;
				SWIFT_VERSION = 5.0;
				TARGETED_DEVICE_FAMILY = "1,2";
				TEST_TARGET_NAME = MusicPet;
			};
			name = Debug;
		};
		7C980B2A2862159C00F89236 /* Release */ = {
			isa = XCBuildConfiguration;
			buildSettings = {
				ALWAYS_EMBED_SWIFT_STANDARD_LIBRARIES = YES;
				CODE_SIGN_STYLE = Automatic;
				CURRENT_PROJECT_VERSION = 1;
				DEVELOPMENT_TEAM = HMMT7RLCT2;
				GENERATE_INFOPLIST_FILE = YES;
				MARKETING_VERSION = 1.0;
				PRODUCT_BUNDLE_IDENTIFIER = OL.MusicPetUITests;
				PRODUCT_NAME = "$(TARGET_NAME)";
				SWIFT_EMIT_LOC_STRINGS = NO;
				SWIFT_VERSION = 5.0;
				TARGETED_DEVICE_FAMILY = "1,2";
				TEST_TARGET_NAME = MusicPet;
			};
			name = Release;
		};
/* End XCBuildConfiguration section */

/* Begin XCConfigurationList section */
		7C980AF02862159B00F89236 /* Build configuration list for PBXProject "MusicPet" */ = {
			isa = XCConfigurationList;
			buildConfigurations = (
				7C980B202862159C00F89236 /* Debug */,
				7C980B212862159C00F89236 /* Release */,
			);
			defaultConfigurationIsVisible = 0;
			defaultConfigurationName = Release;
		};
		7C980B222862159C00F89236 /* Build configuration list for PBXNativeTarget "MusicPet" */ = {
			isa = XCConfigurationList;
			buildConfigurations = (
				7C980B232862159C00F89236 /* Debug */,
				7C980B242862159C00F89236 /* Release */,
			);
			defaultConfigurationIsVisible = 0;
			defaultConfigurationName = Release;
		};
		7C980B252862159C00F89236 /* Build configuration list for PBXNativeTarget "MusicPetTests" */ = {
			isa = XCConfigurationList;
			buildConfigurations = (
				7C980B262862159C00F89236 /* Debug */,
				7C980B272862159C00F89236 /* Release */,
			);
			defaultConfigurationIsVisible = 0;
			defaultConfigurationName = Release;
		};
		7C980B282862159C00F89236 /* Build configuration list for PBXNativeTarget "MusicPetUITests" */ = {
			isa = XCConfigurationList;
			buildConfigurations = (
				7C980B292862159C00F89236 /* Debug */,
				7C980B2A2862159C00F89236 /* Release */,
			);
			defaultConfigurationIsVisible = 0;
			defaultConfigurationName = Release;
		};
/* End XCConfigurationList section */

/* Begin XCVersionGroup section */
		7C980B012862159B00F89236 /* MusicPet.xcdatamodeld */ = {
			isa = XCVersionGroup;
			children = (
				7C980B022862159B00F89236 /* MusicPet.xcdatamodel */,
			);
			currentVersion = 7C980B022862159B00F89236 /* MusicPet.xcdatamodel */;
			path = MusicPet.xcdatamodeld;
			sourceTree = "<group>";
			versionGroupType = wrapper.xcdatamodel;
		};
/* End XCVersionGroup section */
	};
	rootObject = 7C980AED2862159B00F89236 /* Project object */;
}
